
Microsoft Visual Studio Solution File, Format Version 12.00
# Visual Studio Version 17
VisualStudioVersion = 17.8.34330.188
MinimumVisualStudioVersion = 10.0.40219.1
Project("{888888A0-9F3D-457C-B088-3A5042F75D52}") = "DeckofCards", "DeckofCards.pyproj", "{1BF1CE15-F5FC-420B-8119-BD81853C6A53}"
EndProject
Global
	GlobalSection(SolutionConfigurationPlatforms) = preSolution
		Debug|Any CPU = Debug|Any CPU
		Release|Any CPU = Release|Any CPU
	EndGlobalSection
	GlobalSection(ProjectConfigurationPlatforms) = postSolution
		{1BF1CE15-F5FC-420B-8119-BD81853C6A53}.Debug|Any CPU.ActiveCfg = Debug|Any CPU
		{1BF1CE15-F5FC-420B-8119-BD81853C6A53}.Release|Any CPU.ActiveCfg = Release|Any CPU
	EndGlobalSection
	GlobalSection(SolutionProperties) = preSolution
		HideSolutionNode = FALSE
	EndGlobalSection
	GlobalSection(ExtensibilityGlobals) = postSolution
		SolutionGuid = {46EDFBE7-9E03-4DC7-B8B6-F2D1FB293EB9}
	EndGlobalSection
EndGlobal
